
Microsoft Visual Studio Solution File, Format Version 12.00
# Visual Studio Version 18
VisualStudioVersion = 18.0.11217.181 d18.0
MinimumVisualStudioVersion = 10.0.40219.1
Project("{FAE04EC0-301F-11D3-BF4B-00C04F79EFBC}") = "ReportBuilder.Web", "ReportBuilder.Web.csproj", "{D8B62D18-05F7-ED35-FACA-E68012A02C7B}"
EndProject
Global
	GlobalSection(SolutionConfigurationPlatforms) = preSolution
		Debug|Any CPU = Debug|Any CPU
		Release|Any CPU = Release|Any CPU
	EndGlobalSection
	GlobalSection(ProjectConfigurationPlatforms) = postSolution
		{D8B62D18-05F7-ED35-FACA-E68012A02C7B}.Debug|Any CPU.ActiveCfg = Debug|Any CPU
		{D8B62D18-05F7-ED35-FACA-E68012A02C7B}.Debug|Any CPU.Build.0 = Debug|Any CPU
		{D8B62D18-05F7-ED35-FACA-E68012A02C7B}.Release|Any CPU.ActiveCfg = Release|Any CPU
		{D8B62D18-05F7-ED35-FACA-E68012A02C7B}.Release|Any CPU.Build.0 = Release|Any CPU
	EndGlobalSection
	GlobalSection(SolutionProperties) = preSolution
		HideSolutionNode = FALSE
	EndGlobalSection
	GlobalSection(ExtensibilityGlobals) = postSolution
		SolutionGuid = {FC741431-D8E1-4EF3-8314-91E3AB47CC26}
	EndGlobalSection
EndGlobal
